// !$*UTF8*$!
{
	archiveVersion = 1;
	classes = {
	};
	objectVersion = 48;
	objects = {

/* Begin PBXBuildFile section */
		0138D2C21FEA82080003F322 /* AppDelegate.swift in Sources */ = {isa = PBXBuildFile; fileRef = 0138D2C11FEA82080003F322 /* AppDelegate.swift */; };
		0138D2C71FEA82080003F322 /* Main.storyboard in Resources */ = {isa = PBXBuildFile; fileRef = 0138D2C51FEA82080003F322 /* Main.storyboard */; };
		0138D2C91FEA82080003F322 /* Assets.xcassets in Resources */ = {isa = PBXBuildFile; fileRef = 0138D2C81FEA82080003F322 /* Assets.xcassets */; };
		0138D2CC1FEA82080003F322 /* LaunchScreen.storyboard in Resources */ = {isa = PBXBuildFile; fileRef = 0138D2CA1FEA82080003F322 /* LaunchScreen.storyboard */; };
		0138D2D71FEA82080003F322 /* HarryTutTests.swift in Sources */ = {isa = PBXBuildFile; fileRef = 0138D2D61FEA82080003F322 /* HarryTutTests.swift */; };
		0138D2E21FEA82080003F322 /* HarryTutUITests.swift in Sources */ = {isa = PBXBuildFile; fileRef = 0138D2E11FEA82080003F322 /* HarryTutUITests.swift */; };
		0138D2F71FEA84990003F322 /* Renderer.swift in Sources */ = {isa = PBXBuildFile; fileRef = 0138D2F61FEA84990003F322 /* Renderer.swift */; };
		0138D2F91FEA849D0003F322 /* Shaders.metal in Sources */ = {isa = PBXBuildFile; fileRef = 0138D2F81FEA849D0003F322 /* Shaders.metal */; };
		0138D2FB1FEA84A10003F322 /* MetalView.swift in Sources */ = {isa = PBXBuildFile; fileRef = 0138D2FA1FEA84A10003F322 /* MetalView.swift */; };
		0138D2FD1FEA85C60003F322 /* Types.swift in Sources */ = {isa = PBXBuildFile; fileRef = 0138D2FC1FEA85C60003F322 /* Types.swift */; };
		0138D3051FEA87630003F322 /* Node.swift in Sources */ = {isa = PBXBuildFile; fileRef = 0138D3011FEA87630003F322 /* Node.swift */; };
		0138D3061FEA87630003F322 /* Plane.swift in Sources */ = {isa = PBXBuildFile; fileRef = 0138D3021FEA87630003F322 /* Plane.swift */; };
		0138D3071FEA87630003F322 /* Primitive.swift in Sources */ = {isa = PBXBuildFile; fileRef = 0138D3031FEA87630003F322 /* Primitive.swift */; };
		0138D3081FEA87630003F322 /* Triangle.swift in Sources */ = {isa = PBXBuildFile; fileRef = 0138D3041FEA87630003F322 /* Triangle.swift */; };
		0138D3121FEA87AD0003F322 /* Maths.swift in Sources */ = {isa = PBXBuildFile; fileRef = 0138D3111FEA87AD0003F322 /* Maths.swift */; };
		0138D3161FEA87B90003F322 /* Scene.swift in Sources */ = {isa = PBXBuildFile; fileRef = 0138D3131FEA87B90003F322 /* Scene.swift */; };
		0138D3171FEA87B90003F322 /* TempScene.swift in Sources */ = {isa = PBXBuildFile; fileRef = 0138D3141FEA87B90003F322 /* TempScene.swift */; };
		0138D3181FEA87B90003F322 /* BasicScene.swift in Sources */ = {isa = PBXBuildFile; fileRef = 0138D3151FEA87B90003F322 /* BasicScene.swift */; };
/* End PBXBuildFile section */

/* Begin PBXContainerItemProxy section */
		0138D2D31FEA82080003F322 /* PBXContainerItemProxy */ = {
			isa = PBXContainerItemProxy;
			containerPortal = 0138D2B61FEA82080003F322 /* Project object */;
			proxyType = 1;
			remoteGlobalIDString = 0138D2BD1FEA82080003F322;
			remoteInfo = HarryTut;
		};
		0138D2DE1FEA82080003F322 /* PBXContainerItemProxy */ = {
			isa = PBXContainerItemProxy;
			containerPortal = 0138D2B61FEA82080003F322 /* Project object */;
			proxyType = 1;
			remoteGlobalIDString = 0138D2BD1FEA82080003F322;
			remoteInfo = HarryTut;
		};
/* End PBXContainerItemProxy section */

/* Begin PBXFileReference section */
		0138D2BE1FEA82080003F322 /* HarryTut.app */ = {isa = PBXFileReference; explicitFileType = wrapper.application; includeInIndex = 0; path = HarryTut.app; sourceTree = BUILT_PRODUCTS_DIR; };
		0138D2C11FEA82080003F322 /* AppDelegate.swift */ = {isa = PBXFileReference; lastKnownFileType = sourcecode.swift; path = AppDelegate.swift; sourceTree = "<group>"; };
		0138D2C61FEA82080003F322 /* Base */ = {isa = PBXFileReference; lastKnownFileType = file.storyboard; name = Base; path = Base.lproj/Main.storyboard; sourceTree = "<group>"; };
		0138D2C81FEA82080003F322 /* Assets.xcassets */ = {isa = PBXFileReference; lastKnownFileType = folder.assetcatalog; path = Assets.xcassets; sourceTree = "<group>"; };
		0138D2CB1FEA82080003F322 /* Base */ = {isa = PBXFileReference; lastKnownFileType = file.storyboard; name = Base; path = Base.lproj/LaunchScreen.storyboard; sourceTree = "<group>"; };
		0138D2CD1FEA82080003F322 /* Info.plist */ = {isa = PBXFileReference; lastKnownFileType = text.plist.xml; path = Info.plist; sourceTree = "<group>"; };
		0138D2D21FEA82080003F322 /* HarryTutTests.xctest */ = {isa = PBXFileReference; explicitFileType = wrapper.cfbundle; includeInIndex = 0; path = HarryTutTests.xctest; sourceTree = BUILT_PRODUCTS_DIR; };
		0138D2D61FEA82080003F322 /* HarryTutTests.swift */ = {isa = PBXFileReference; lastKnownFileType = sourcecode.swift; path = HarryTutTests.swift; sourceTree = "<group>"; };
		0138D2D81FEA82080003F322 /* Info.plist */ = {isa = PBXFileReference; lastKnownFileType = text.plist.xml; path = Info.plist; sourceTree = "<group>"; };
		0138D2DD1FEA82080003F322 /* HarryTutUITests.xctest */ = {isa = PBXFileReference; explicitFileType = wrapper.cfbundle; includeInIndex = 0; path = HarryTutUITests.xctest; sourceTree = BUILT_PRODUCTS_DIR; };
		0138D2E11FEA82080003F322 /* HarryTutUITests.swift */ = {isa = PBXFileReference; lastKnownFileType = sourcecode.swift; path = HarryTutUITests.swift; sourceTree = "<group>"; };
		0138D2E31FEA82080003F322 /* Info.plist */ = {isa = PBXFileReference; lastKnownFileType = text.plist.xml; path = Info.plist; sourceTree = "<group>"; };
		0138D2F61FEA84990003F322 /* Renderer.swift */ = {isa = PBXFileReference; fileEncoding = 4; lastKnownFileType = sourcecode.swift; path = Renderer.swift; sourceTree = "<group>"; };
		0138D2F81FEA849D0003F322 /* Shaders.metal */ = {isa = PBXFileReference; fileEncoding = 4; lastKnownFileType = sourcecode.metal; path = Shaders.metal; sourceTree = "<group>"; };
		0138D2FA1FEA84A10003F322 /* MetalView.swift */ = {isa = PBXFileReference; fileEncoding = 4; lastKnownFileType = sourcecode.swift; path = MetalView.swift; sourceTree = "<group>"; };
		0138D2FC1FEA85C60003F322 /* Types.swift */ = {isa = PBXFileReference; fileEncoding = 4; lastKnownFileType = sourcecode.swift; path = Types.swift; sourceTree = "<group>"; };
		0138D3011FEA87630003F322 /* Node.swift */ = {isa = PBXFileReference; fileEncoding = 4; lastKnownFileType = sourcecode.swift; path = Node.swift; sourceTree = "<group>"; };
		0138D3021FEA87630003F322 /* Plane.swift */ = {isa = PBXFileReference; fileEncoding = 4; lastKnownFileType = sourcecode.swift; path = Plane.swift; sourceTree = "<group>"; };
		0138D3031FEA87630003F322 /* Primitive.swift */ = {isa = PBXFileReference; fileEncoding = 4; lastKnownFileType = sourcecode.swift; path = Primitive.swift; sourceTree = "<group>"; };
		0138D3041FEA87630003F322 /* Triangle.swift */ = {isa = PBXFileReference; fileEncoding = 4; lastKnownFileType = sourcecode.swift; path = Triangle.swift; sourceTree = "<group>"; };
		0138D3111FEA87AD0003F322 /* Maths.swift */ = {isa = PBXFileReference; fileEncoding = 4; lastKnownFileType = sourcecode.swift; path = Maths.swift; sourceTree = "<group>"; };
		0138D3131FEA87B90003F322 /* Scene.swift */ = {isa = PBXFileReference; fileEncoding = 4; lastKnownFileType = sourcecode.swift; path = Scene.swift; sourceTree = "<group>"; };
		0138D3141FEA87B90003F322 /* TempScene.swift */ = {isa = PBXFileReference; fileEncoding = 4; lastKnownFileType = sourcecode.swift; path = TempScene.swift; sourceTree = "<group>"; };
		0138D3151FEA87B90003F322 /* BasicScene.swift */ = {isa = PBXFileReference; fileEncoding = 4; lastKnownFileType = sourcecode.swift; path = BasicScene.swift; sourceTree = "<group>"; };
/* End PBXFileReference section */

/* Begin PBXFrameworksBuildPhase section */
		0138D2BB1FEA82080003F322 /* Frameworks */ = {
			isa = PBXFrameworksBuildPhase;
			buildActionMask = 2147483647;
			files = (
			);
			runOnlyForDeploymentPostprocessing = 0;
		};
		0138D2CF1FEA82080003F322 /* Frameworks */ = {
			isa = PBXFrameworksBuildPhase;
			buildActionMask = 2147483647;
			files = (
			);
			runOnlyForDeploymentPostprocessing = 0;
		};
		0138D2DA1FEA82080003F322 /* Frameworks */ = {
			isa = PBXFrameworksBuildPhase;
			buildActionMask = 2147483647;
			files = (
			);
			runOnlyForDeploymentPostprocessing = 0;
		};
/* End PBXFrameworksBuildPhase section */

/* Begin PBXGroup section */
		0138D2B51FEA82080003F322 = {
			isa = PBXGroup;
			children = (
				0138D2C01FEA82080003F322 /* HarryTut */,
				0138D2D51FEA82080003F322 /* HarryTutTests */,
				0138D2E01FEA82080003F322 /* HarryTutUITests */,
				0138D2BF1FEA82080003F322 /* Products */,
			);
			sourceTree = "<group>";
		};
		0138D2BF1FEA82080003F322 /* Products */ = {
			isa = PBXGroup;
			children = (
				0138D2BE1FEA82080003F322 /* HarryTut.app */,
				0138D2D21FEA82080003F322 /* HarryTutTests.xctest */,
				0138D2DD1FEA82080003F322 /* HarryTutUITests.xctest */,
			);
			name = Products;
			sourceTree = "<group>";
		};
		0138D2C01FEA82080003F322 /* HarryTut */ = {
			isa = PBXGroup;
			children = (
				0138D2FE1FEA86FE0003F322 /* Maths */,
				0138D2FF1FEA87030003F322 /* Scene */,
				0138D3001FEA870B0003F322 /* Node */,
				0138D2FA1FEA84A10003F322 /* MetalView.swift */,
				0138D2F61FEA84990003F322 /* Renderer.swift */,
				0138D2F81FEA849D0003F322 /* Shaders.metal */,
				0138D2FC1FEA85C60003F322 /* Types.swift */,
				0138D2CD1FEA82080003F322 /* Info.plist */,
				0138D2F51FEA82E70003F322 /* other */,
			);
			path = HarryTut;
			sourceTree = "<group>";
		};
		0138D2D51FEA82080003F322 /* HarryTutTests */ = {
			isa = PBXGroup;
			children = (
				0138D2D61FEA82080003F322 /* HarryTutTests.swift */,
				0138D2D81FEA82080003F322 /* Info.plist */,
			);
			path = HarryTutTests;
			sourceTree = "<group>";
		};
		0138D2E01FEA82080003F322 /* HarryTutUITests */ = {
			isa = PBXGroup;
			children = (
				0138D2E11FEA82080003F322 /* HarryTutUITests.swift */,
				0138D2E31FEA82080003F322 /* Info.plist */,
			);
			path = HarryTutUITests;
			sourceTree = "<group>";
		};
		0138D2F51FEA82E70003F322 /* other */ = {
			isa = PBXGroup;
			children = (
				0138D2C81FEA82080003F322 /* Assets.xcassets */,
				0138D2CA1FEA82080003F322 /* LaunchScreen.storyboard */,
				0138D2C51FEA82080003F322 /* Main.storyboard */,
				0138D2C11FEA82080003F322 /* AppDelegate.swift */,
			);
			path = other;
			sourceTree = "<group>";
		};
		0138D2FE1FEA86FE0003F322 /* Maths */ = {
			isa = PBXGroup;
			children = (
				0138D3111FEA87AD0003F322 /* Maths.swift */,
			);
			path = Maths;
			sourceTree = "<group>";
		};
		0138D2FF1FEA87030003F322 /* Scene */ = {
			isa = PBXGroup;
			children = (
				0138D3151FEA87B90003F322 /* BasicScene.swift */,
				0138D3131FEA87B90003F322 /* Scene.swift */,
				0138D3141FEA87B90003F322 /* TempScene.swift */,
			);
			path = Scene;
			sourceTree = "<group>";
		};
		0138D3001FEA870B0003F322 /* Node */ = {
			isa = PBXGroup;
			children = (
				0138D3011FEA87630003F322 /* Node.swift */,
				0138D3021FEA87630003F322 /* Plane.swift */,
				0138D3031FEA87630003F322 /* Primitive.swift */,
				0138D3041FEA87630003F322 /* Triangle.swift */,
			);
			path = Node;
			sourceTree = "<group>";
		};
/* End PBXGroup section */

/* Begin PBXNativeTarget section */
		0138D2BD1FEA82080003F322 /* HarryTut */ = {
			isa = PBXNativeTarget;
			buildConfigurationList = 0138D2E61FEA82080003F322 /* Build configuration list for PBXNativeTarget "HarryTut" */;
			buildPhases = (
				0138D2BA1FEA82080003F322 /* Sources */,
				0138D2BB1FEA82080003F322 /* Frameworks */,
				0138D2BC1FEA82080003F322 /* Resources */,
			);
			buildRules = (
			);
			dependencies = (
			);
			name = HarryTut;
			productName = HarryTut;
			productReference = 0138D2BE1FEA82080003F322 /* HarryTut.app */;
			productType = "com.apple.product-type.application";
		};
		0138D2D11FEA82080003F322 /* HarryTutTests */ = {
			isa = PBXNativeTarget;
			buildConfigurationList = 0138D2E91FEA82080003F322 /* Build configuration list for PBXNativeTarget "HarryTutTests" */;
			buildPhases = (
				0138D2CE1FEA82080003F322 /* Sources */,
				0138D2CF1FEA82080003F322 /* Frameworks */,
				0138D2D01FEA82080003F322 /* Resources */,
			);
			buildRules = (
			);
			dependencies = (
				0138D2D41FEA82080003F322 /* PBXTargetDependency */,
			);
			name = HarryTutTests;
			productName = HarryTutTests;
			productReference = 0138D2D21FEA82080003F322 /* HarryTutTests.xctest */;
			productType = "com.apple.product-type.bundle.unit-test";
		};
		0138D2DC1FEA82080003F322 /* HarryTutUITests */ = {
			isa = PBXNativeTarget;
			buildConfigurationList = 0138D2EC1FEA82080003F322 /* Build configuration list for PBXNativeTarget "HarryTutUITests" */;
			buildPhases = (
				0138D2D91FEA82080003F322 /* Sources */,
				0138D2DA1FEA82080003F322 /* Frameworks */,
				0138D2DB1FEA82080003F322 /* Resources */,
			);
			buildRules = (
			);
			dependencies = (
				0138D2DF1FEA82080003F322 /* PBXTargetDependency */,
			);
			name = HarryTutUITests;
			productName = HarryTutUITests;
			productReference = 0138D2DD1FEA82080003F322 /* HarryTutUITests.xctest */;
			productType = "com.apple.product-type.bundle.ui-testing";
		};
/* End PBXNativeTarget section */

/* Begin PBXProject section */
		0138D2B61FEA82080003F322 /* Project object */ = {
			isa = PBXProject;
			attributes = {
				LastSwiftUpdateCheck = 0920;
				LastUpgradeCheck = 0920;
				ORGANIZATIONNAME = "Harry Morris";
				TargetAttributes = {
					0138D2BD1FEA82080003F322 = {
						CreatedOnToolsVersion = 9.2;
						ProvisioningStyle = Automatic;
					};
					0138D2D11FEA82080003F322 = {
						CreatedOnToolsVersion = 9.2;
						ProvisioningStyle = Automatic;
						TestTargetID = 0138D2BD1FEA82080003F322;
					};
					0138D2DC1FEA82080003F322 = {
						CreatedOnToolsVersion = 9.2;
						ProvisioningStyle = Automatic;
						TestTargetID = 0138D2BD1FEA82080003F322;
					};
				};
			};
			buildConfigurationList = 0138D2B91FEA82080003F322 /* Build configuration list for PBXProject "HarryTut" */;
			compatibilityVersion = "Xcode 8.0";
			developmentRegion = en;
			hasScannedForEncodings = 0;
			knownRegions = (
				en,
				Base,
			);
			mainGroup = 0138D2B51FEA82080003F322;
			productRefGroup = 0138D2BF1FEA82080003F322 /* Products */;
			projectDirPath = "";
			projectRoot = "";
			targets = (
				0138D2BD1FEA82080003F322 /* HarryTut */,
				0138D2D11FEA82080003F322 /* HarryTutTests */,
				0138D2DC1FEA82080003F322 /* HarryTutUITests */,
			);
		};
/* End PBXProject section */

/* Begin PBXResourcesBuildPhase section */
		0138D2BC1FEA82080003F322 /* Resources */ = {
			isa = PBXResourcesBuildPhase;
			buildActionMask = 2147483647;
			files = (
				0138D2CC1FEA82080003F322 /* LaunchScreen.storyboard in Resources */,
				0138D2C91FEA82080003F322 /* Assets.xcassets in Resources */,
				0138D2C71FEA82080003F322 /* Main.storyboard in Resources */,
			);
			runOnlyForDeploymentPostprocessing = 0;
		};
		0138D2D01FEA82080003F322 /* Resources */ = {
			isa = PBXResourcesBuildPhase;
			buildActionMask = 2147483647;
			files = (
			);
			runOnlyForDeploymentPostprocessing = 0;
		};
		0138D2DB1FEA82080003F322 /* Resources */ = {
			isa = PBXResourcesBuildPhase;
			buildActionMask = 2147483647;
			files = (
			);
			runOnlyForDeploymentPostprocessing = 0;
		};
/* End PBXResourcesBuildPhase section */

/* Begin PBXSourcesBuildPhase section */
		0138D2BA1FEA82080003F322 /* Sources */ = {
			isa = PBXSourcesBuildPhase;
			buildActionMask = 2147483647;
			files = (
				0138D2F91FEA849D0003F322 /* Shaders.metal in Sources */,
				0138D2FB1FEA84A10003F322 /* MetalView.swift in Sources */,
				0138D3181FEA87B90003F322 /* BasicScene.swift in Sources */,
				0138D2F71FEA84990003F322 /* Renderer.swift in Sources */,
				0138D3081FEA87630003F322 /* Triangle.swift in Sources */,
				0138D3071FEA87630003F322 /* Primitive.swift in Sources */,
				0138D3051FEA87630003F322 /* Node.swift in Sources */,
				0138D2FD1FEA85C60003F322 /* Types.swift in Sources */,
				0138D3121FEA87AD0003F322 /* Maths.swift in Sources */,
				0138D2C21FEA82080003F322 /* AppDelegate.swift in Sources */,
				0138D3061FEA87630003F322 /* Plane.swift in Sources */,
				0138D3171FEA87B90003F322 /* TempScene.swift in Sources */,
				0138D3161FEA87B90003F322 /* Scene.swift in Sources */,
			);
			runOnlyForDeploymentPostprocessing = 0;
		};
		0138D2CE1FEA82080003F322 /* Sources */ = {
			isa = PBXSourcesBuildPhase;
			buildActionMask = 2147483647;
			files = (
				0138D2D71FEA82080003F322 /* HarryTutTests.swift in Sources */,
			);
			runOnlyForDeploymentPostprocessing = 0;
		};
		0138D2D91FEA82080003F322 /* Sources */ = {
			isa = PBXSourcesBuildPhase;
			buildActionMask = 2147483647;
			files = (
				0138D2E21FEA82080003F322 /* HarryTutUITests.swift in Sources */,
			);
			runOnlyForDeploymentPostprocessing = 0;
		};
/* End PBXSourcesBuildPhase section */

/* Begin PBXTargetDependency section */
		0138D2D41FEA82080003F322 /* PBXTargetDependency */ = {
			isa = PBXTargetDependency;
			target = 0138D2BD1FEA82080003F322 /* HarryTut */;
			targetProxy = 0138D2D31FEA82080003F322 /* PBXContainerItemProxy */;
		};
		0138D2DF1FEA82080003F322 /* PBXTargetDependency */ = {
			isa = PBXTargetDependency;
			target = 0138D2BD1FEA82080003F322 /* HarryTut */;
			targetProxy = 0138D2DE1FEA82080003F322 /* PBXContainerItemProxy */;
		};
/* End PBXTargetDependency section */

/* Begin PBXVariantGroup section */
		0138D2C51FEA82080003F322 /* Main.storyboard */ = {
			isa = PBXVariantGroup;
			children = (
				0138D2C61FEA82080003F322 /* Base */,
			);
			name = Main.storyboard;
			sourceTree = "<group>";
		};
		0138D2CA1FEA82080003F322 /* LaunchScreen.storyboard */ = {
			isa = PBXVariantGroup;
			children = (
				0138D2CB1FEA82080003F322 /* Base */,
			);
			name = LaunchScreen.storyboard;
			sourceTree = "<group>";
		};
/* End PBXVariantGroup section */

/* Begin XCBuildConfiguration section */
		0138D2E41FEA82080003F322 /* Debug */ = {
			isa = XCBuildConfiguration;
			buildSettings = {
				ALWAYS_SEARCH_USER_PATHS = NO;
				CLANG_ANALYZER_NONNULL = YES;
				CLANG_ANALYZER_NUMBER_OBJECT_CONVERSION = YES_AGGRESSIVE;
				CLANG_CXX_LANGUAGE_STANDARD = "gnu++14";
				CLANG_CXX_LIBRARY = "libc++";
				CLANG_ENABLE_MODULES = YES;
				CLANG_ENABLE_OBJC_ARC = YES;
				CLANG_WARN_BLOCK_CAPTURE_AUTORELEASING = YES;
				CLANG_WARN_BOOL_CONVERSION = YES;
				CLANG_WARN_COMMA = YES;
				CLANG_WARN_CONSTANT_CONVERSION = YES;
				CLANG_WARN_DIRECT_OBJC_ISA_USAGE = YES_ERROR;
				CLANG_WARN_DOCUMENTATION_COMMENTS = YES;
				CLANG_WARN_EMPTY_BODY = YES;
				CLANG_WARN_ENUM_CONVERSION = YES;
				CLANG_WARN_INFINITE_RECURSION = YES;
				CLANG_WARN_INT_CONVERSION = YES;
				CLANG_WARN_NON_LITERAL_NULL_CONVERSION = YES;
				CLANG_WARN_OBJC_LITERAL_CONVERSION = YES;
				CLANG_WARN_OBJC_ROOT_CLASS = YES_ERROR;
				CLANG_WARN_RANGE_LOOP_ANALYSIS = YES;
				CLANG_WARN_STRICT_PROTOTYPES = YES;
				CLANG_WARN_SUSPICIOUS_MOVE = YES;
				CLANG_WARN_UNGUARDED_AVAILABILITY = YES_AGGRESSIVE;
				CLANG_WARN_UNREACHABLE_CODE = YES;
				CLANG_WARN__DUPLICATE_METHOD_MATCH = YES;
				CODE_SIGN_IDENTITY = "iPhone Developer";
				COPY_PHASE_STRIP = NO;
				DEBUG_INFORMATION_FORMAT = dwarf;
				ENABLE_STRICT_OBJC_MSGSEND = YES;
				ENABLE_TESTABILITY = YES;
				GCC_C_LANGUAGE_STANDARD = gnu11;
				GCC_DYNAMIC_NO_PIC = NO;
				GCC_NO_COMMON_BLOCKS = YES;
				GCC_OPTIMIZATION_LEVEL = 0;
				GCC_PREPROCESSOR_DEFINITIONS = (
					"DEBUG=1",
					"$(inherited)",
				);
				GCC_WARN_64_TO_32_BIT_CONVERSION = YES;
				GCC_WARN_ABOUT_RETURN_TYPE = YES_ERROR;
				GCC_WARN_UNDECLARED_SELECTOR = YES;
				GCC_WARN_UNINITIALIZED_AUTOS = YES_AGGRESSIVE;
				GCC_WARN_UNUSED_FUNCTION = YES;
				GCC_WARN_UNUSED_VARIABLE = YES;
				IPHONEOS_DEPLOYMENT_TARGET = 11.2;
				MTL_ENABLE_DEBUG_INFO = YES;
				ONLY_ACTIVE_ARCH = YES;
				SDKROOT = iphoneos;
				SWIFT_ACTIVE_COMPILATION_CONDITIONS = DEBUG;
				SWIFT_OPTIMIZATION_LEVEL = "-Onone";
			};
			name = Debug;
		};
		0138D2E51FEA82080003F322 /* Release */ = {
			isa = XCBuildConfiguration;
			buildSettings = {
				ALWAYS_SEARCH_USER_PATHS = NO;
				CLANG_ANALYZER_NONNULL = YES;
				CLANG_ANALYZER_NUMBER_OBJECT_CONVERSION = YES_AGGRESSIVE;
				CLANG_CXX_LANGUAGE_STANDARD = "gnu++14";
				CLANG_CXX_LIBRARY = "libc++";
				CLANG_ENABLE_MODULES = YES;
				CLANG_ENABLE_OBJC_ARC = YES;
				CLANG_WARN_BLOCK_CAPTURE_AUTORELEASING = YES;
				CLANG_WARN_BOOL_CONVERSION = YES;
				CLANG_WARN_COMMA = YES;
				CLANG_WARN_CONSTANT_CONVERSION = YES;
				CLANG_WARN_DIRECT_OBJC_ISA_USAGE = YES_ERROR;
				CLANG_WARN_DOCUMENTATION_COMMENTS = YES;
				CLANG_WARN_EMPTY_BODY = YES;
				CLANG_WARN_ENUM_CONVERSION = YES;
				CLANG_WARN_INFINITE_RECURSION = YES;
				CLANG_WARN_INT_CONVERSION = YES;
				CLANG_WARN_NON_LITERAL_NULL_CONVERSION = YES;
				CLANG_WARN_OBJC_LITERAL_CONVERSION = YES;
				CLANG_WARN_OBJC_ROOT_CLASS = YES_ERROR;
				CLANG_WARN_RANGE_LOOP_ANALYSIS = YES;
				CLANG_WARN_STRICT_PROTOTYPES = YES;
				CLANG_WARN_SUSPICIOUS_MOVE = YES;
				CLANG_WARN_UNGUARDED_AVAILABILITY = YES_AGGRESSIVE;
				CLANG_WARN_UNREACHABLE_CODE = YES;
				CLANG_WARN__DUPLICATE_METHOD_MATCH = YES;
				CODE_SIGN_IDENTITY = "iPhone Developer";
				COPY_PHASE_STRIP = NO;
				DEBUG_INFORMATION_FORMAT = "dwarf-with-dsym";
				ENABLE_NS_ASSERTIONS = NO;
				ENABLE_STRICT_OBJC_MSGSEND = YES;
				GCC_C_LANGUAGE_STANDARD = gnu11;
				GCC_NO_COMMON_BLOCKS = YES;
				GCC_WARN_64_TO_32_BIT_CONVERSION = YES;
				GCC_WARN_ABOUT_RETURN_TYPE = YES_ERROR;
				GCC_WARN_UNDECLARED_SELECTOR = YES;
				GCC_WARN_UNINITIALIZED_AUTOS = YES_AGGRESSIVE;
				GCC_WARN_UNUSED_FUNCTION = YES;
				GCC_WARN_UNUSED_VARIABLE = YES;
				IPHONEOS_DEPLOYMENT_TARGET = 11.2;
				MTL_ENABLE_DEBUG_INFO = NO;
				SDKROOT = iphoneos;
				SWIFT_OPTIMIZATION_LEVEL = "-Owholemodule";
				VALIDATE_PRODUCT = YES;
			};
			name = Release;
		};
		0138D2E71FEA82080003F322 /* Debug */ = {
			isa = XCBuildConfiguration;
			buildSettings = {
				ASSETCATALOG_COMPILER_APPICON_NAME = AppIcon;
				CODE_SIGN_STYLE = Automatic;
				DEVELOPMENT_TEAM = 5YDV25KXHK;
				INFOPLIST_FILE = HarryTut/Info.plist;
				LD_RUNPATH_SEARCH_PATHS = "$(inherited) @executable_path/Frameworks";
				PRODUCT_BUNDLE_IDENTIFIER = ortek.HarryTut;
				PRODUCT_NAME = "$(TARGET_NAME)";
				SWIFT_VERSION = 4.0;
				TARGETED_DEVICE_FAMILY = "1,2";
			};
			name = Debug;
		};
		0138D2E81FEA82080003F322 /* Release */ = {
			isa = XCBuildConfiguration;
			buildSettings = {
				ASSETCATALOG_COMPILER_APPICON_NAME = AppIcon;
				CODE_SIGN_STYLE = Automatic;
				DEVELOPMENT_TEAM = 5YDV25KXHK;
				INFOPLIST_FILE = HarryTut/Info.plist;
				LD_RUNPATH_SEARCH_PATHS = "$(inherited) @executable_path/Frameworks";
				PRODUCT_BUNDLE_IDENTIFIER = ortek.HarryTut;
				PRODUCT_NAME = "$(TARGET_NAME)";
				SWIFT_VERSION = 4.0;
				TARGETED_DEVICE_FAMILY = "1,2";
			};
			name = Release;
		};
		0138D2EA1FEA82080003F322 /* Debug */ = {
			isa = XCBuildConfiguration;
			buildSettings = {
				ALWAYS_EMBED_SWIFT_STANDARD_LIBRARIES = YES;
				BUNDLE_LOADER = "$(TEST_HOST)";
				CODE_SIGN_STYLE = Automatic;
				DEVELOPMENT_TEAM = 5YDV25KXHK;
				INFOPLIST_FILE = HarryTutTests/Info.plist;
				LD_RUNPATH_SEARCH_PATHS = "$(inherited) @executable_path/Frameworks @loader_path/Frameworks";
				PRODUCT_BUNDLE_IDENTIFIER = ortek.HarryTutTests;
				PRODUCT_NAME = "$(TARGET_NAME)";
				SWIFT_VERSION = 4.0;
				TARGETED_DEVICE_FAMILY = "1,2";
				TEST_HOST = "$(BUILT_PRODUCTS_DIR)/HarryTut.app/HarryTut";
			};
			name = Debug;
		};
		0138D2EB1FEA82080003F322 /* Release */ = {
			isa = XCBuildConfiguration;
			buildSettings = {
				ALWAYS_EMBED_SWIFT_STANDARD_LIBRARIES = YES;
				BUNDLE_LOADER = "$(TEST_HOST)";
				CODE_SIGN_STYLE = Automatic;
				DEVELOPMENT_TEAM = 5YDV25KXHK;
				INFOPLIST_FILE = HarryTutTests/Info.plist;
				LD_RUNPATH_SEARCH_PATHS = "$(inherited) @executable_path/Frameworks @loader_path/Frameworks";
				PRODUCT_BUNDLE_IDENTIFIER = ortek.HarryTutTests;
				PRODUCT_NAME = "$(TARGET_NAME)";
				SWIFT_VERSION = 4.0;
				TARGETED_DEVICE_FAMILY = "1,2";
				TEST_HOST = "$(BUILT_PRODUCTS_DIR)/HarryTut.app/HarryTut";
			};
			name = Release;
		};
		0138D2ED1FEA82080003F322 /* Debug */ = {
			isa = XCBuildConfiguration;
			buildSettings = {
				ALWAYS_EMBED_SWIFT_STANDARD_LIBRARIES = YES;
				CODE_SIGN_STYLE = Automatic;
				DEVELOPMENT_TEAM = 5YDV25KXHK;
				INFOPLIST_FILE = HarryTutUITests/Info.plist;
				LD_RUNPATH_SEARCH_PATHS = "$(inherited) @executable_path/Frameworks @loader_path/Frameworks";
				PRODUCT_BUNDLE_IDENTIFIER = ortek.HarryTutUITests;
				PRODUCT_NAME = "$(TARGET_NAME)";
				SWIFT_VERSION = 4.0;
				TARGETED_DEVICE_FAMILY = "1,2";
				TEST_TARGET_NAME = HarryTut;
			};
			name = Debug;
		};
		0138D2EE1FEA82080003F322 /* Release */ = {
			isa = XCBuildConfiguration;
			buildSettings = {
				ALWAYS_EMBED_SWIFT_STANDARD_LIBRARIES = YES;
				CODE_SIGN_STYLE = Automatic;
				DEVELOPMENT_TEAM = 5YDV25KXHK;
				INFOPLIST_FILE = HarryTutUITests/Info.plist;
				LD_RUNPATH_SEARCH_PATHS = "$(inherited) @executable_path/Frameworks @loader_path/Frameworks";
				PRODUCT_BUNDLE_IDENTIFIER = ortek.HarryTutUITests;
				PRODUCT_NAME = "$(TARGET_NAME)";
				SWIFT_VERSION = 4.0;
				TARGETED_DEVICE_FAMILY = "1,2";
				TEST_TARGET_NAME = HarryTut;
			};
			name = Release;
		};
/* End XCBuildConfiguration section */

/* Begin XCConfigurationList section */
		0138D2B91FEA82080003F322 /* Build configuration list for PBXProject "HarryTut" */ = {
			isa = XCConfigurationList;
			buildConfigurations = (
				0138D2E41FEA82080003F322 /* Debug */,
				0138D2E51FEA82080003F322 /* Release */,
			);
			defaultConfigurationIsVisible = 0;
			defaultConfigurationName = Release;
		};
		0138D2E61FEA82080003F322 /* Build configuration list for PBXNativeTarget "HarryTut" */ = {
			isa = XCConfigurationList;
			buildConfigurations = (
				0138D2E71FEA82080003F322 /* Debug */,
				0138D2E81FEA82080003F322 /* Release */,
			);
			defaultConfigurationIsVisible = 0;
			defaultConfigurationName = Release;
		};
		0138D2E91FEA82080003F322 /* Build configuration list for PBXNativeTarget "HarryTutTests" */ = {
			isa = XCConfigurationList;
			buildConfigurations = (
				0138D2EA1FEA82080003F322 /* Debug */,
				0138D2EB1FEA82080003F322 /* Release */,
			);
			defaultConfigurationIsVisible = 0;
			defaultConfigurationName = Release;
		};
		0138D2EC1FEA82080003F322 /* Build configuration list for PBXNativeTarget "HarryTutUITests" */ = {
			isa = XCConfigurationList;
			buildConfigurations = (
				0138D2ED1FEA82080003F322 /* Debug */,
				0138D2EE1FEA82080003F322 /* Release */,
			);
			defaultConfigurationIsVisible = 0;
			defaultConfigurationName = Release;
		};
/* End XCConfigurationList section */
	};
	rootObject = 0138D2B61FEA82080003F322 /* Project object */;
}
